
Microsoft Visual Studio Solution File, Format Version 12.00
# Visual Studio Version 17
VisualStudioVersion = 17.8.34330.188
MinimumVisualStudioVersion = 10.0.40219.1
Project("{FAE04EC0-301F-11D3-BF4B-00C04F79EFBC}") = "LargestXOR", "LargestXOR\LargestXOR.csproj", "{84F4750C-B2D9-4ABC-9FF4-8EE1619A18CD}"
EndProject
Global
	GlobalSection(SolutionConfigurationPlatforms) = preSolution
		Debug|Any CPU = Debug|Any CPU
		Release|Any CPU = Release|Any CPU
	EndGlobalSection
	GlobalSection(ProjectConfigurationPlatforms) = postSolution
		{84F4750C-B2D9-4ABC-9FF4-8EE1619A18CD}.Debug|Any CPU.ActiveCfg = Debug|Any CPU
		{84F4750C-B2D9-4ABC-9FF4-8EE1619A18CD}.Debug|Any CPU.Build.0 = Debug|Any CPU
		{84F4750C-B2D9-4ABC-9FF4-8EE1619A18CD}.Release|Any CPU.ActiveCfg = Release|Any CPU
		{84F4750C-B2D9-4ABC-9FF4-8EE1619A18CD}.Release|Any CPU.Build.0 = Release|Any CPU
	EndGlobalSection
	GlobalSection(SolutionProperties) = preSolution
		HideSolutionNode = FALSE
	EndGlobalSection
	GlobalSection(ExtensibilityGlobals) = postSolution
		SolutionGuid = {F1BCC8BC-5F85-4DC1-AB37-7ABB41742727}
	EndGlobalSection
EndGlobal
