
Microsoft Visual Studio Solution File, Format Version 12.00
# Visual Studio Version 17
VisualStudioVersion = 17.8.34330.188
MinimumVisualStudioVersion = 10.0.40219.1
Project("{FAE04EC0-301F-11D3-BF4B-00C04F79EFBC}") = "StackQueueContainerAdapters", "StackQueueContainerAdapters\StackQueueContainerAdapters.csproj", "{CD51715C-C55F-44A0-A175-B49CB35783A8}"
EndProject
Project("{FAE04EC0-301F-11D3-BF4B-00C04F79EFBC}") = "StackQueueContainerAdapters.Tests", "StackQueueContainerAdapters.Tests\StackQueueContainerAdapters.Tests.csproj", "{BA03B77A-6E89-4E48-A752-67B19CD26325}"
EndProject
Global
	GlobalSection(SolutionConfigurationPlatforms) = preSolution
		Debug|Any CPU = Debug|Any CPU
		Release|Any CPU = Release|Any CPU
	EndGlobalSection
	GlobalSection(ProjectConfigurationPlatforms) = postSolution
		{CD51715C-C55F-44A0-A175-B49CB35783A8}.Debug|Any CPU.ActiveCfg = Debug|Any CPU
		{CD51715C-C55F-44A0-A175-B49CB35783A8}.Debug|Any CPU.Build.0 = Debug|Any CPU
		{CD51715C-C55F-44A0-A175-B49CB35783A8}.Release|Any CPU.ActiveCfg = Release|Any CPU
		{CD51715C-C55F-44A0-A175-B49CB35783A8}.Release|Any CPU.Build.0 = Release|Any CPU
		{BA03B77A-6E89-4E48-A752-67B19CD26325}.Debug|Any CPU.ActiveCfg = Debug|Any CPU
		{BA03B77A-6E89-4E48-A752-67B19CD26325}.Debug|Any CPU.Build.0 = Debug|Any CPU
		{BA03B77A-6E89-4E48-A752-67B19CD26325}.Release|Any CPU.ActiveCfg = Release|Any CPU
		{BA03B77A-6E89-4E48-A752-67B19CD26325}.Release|Any CPU.Build.0 = Release|Any CPU
	EndGlobalSection
	GlobalSection(SolutionProperties) = preSolution
		HideSolutionNode = FALSE
	EndGlobalSection
	GlobalSection(ExtensibilityGlobals) = postSolution
		SolutionGuid = {86BB6012-7EBC-4554-B18E-1E7113B88C0F}
	EndGlobalSection
EndGlobal
