
Microsoft Visual Studio Solution File, Format Version 12.00
# Visual Studio Version 17
VisualStudioVersion = 17.8.34330.188
MinimumVisualStudioVersion = 10.0.40219.1
Project("{FAE04EC0-301F-11D3-BF4B-00C04F79EFBC}") = "IslandDetection", "IslandDetection\IslandDetection.csproj", "{E067B9CB-ABC3-4664-A17F-32D570D4BE0C}"
EndProject
Global
	GlobalSection(SolutionConfigurationPlatforms) = preSolution
		Debug|Any CPU = Debug|Any CPU
		Release|Any CPU = Release|Any CPU
	EndGlobalSection
	GlobalSection(ProjectConfigurationPlatforms) = postSolution
		{E067B9CB-ABC3-4664-A17F-32D570D4BE0C}.Debug|Any CPU.ActiveCfg = Debug|Any CPU
		{E067B9CB-ABC3-4664-A17F-32D570D4BE0C}.Debug|Any CPU.Build.0 = Debug|Any CPU
		{E067B9CB-ABC3-4664-A17F-32D570D4BE0C}.Release|Any CPU.ActiveCfg = Release|Any CPU
		{E067B9CB-ABC3-4664-A17F-32D570D4BE0C}.Release|Any CPU.Build.0 = Release|Any CPU
	EndGlobalSection
	GlobalSection(SolutionProperties) = preSolution
		HideSolutionNode = FALSE
	EndGlobalSection
	GlobalSection(ExtensibilityGlobals) = postSolution
		SolutionGuid = {DFA636A0-1475-4DD9-8834-5297EE6EB809}
	EndGlobalSection
EndGlobal
